
Microsoft Visual Studio Solution File, Format Version 12.00
# Visual Studio 15
VisualStudioVersion = 15.0.27004.2009
MinimumVisualStudioVersion = 10.0.40219.1
Project("{FAE04EC0-301F-11D3-BF4B-00C04F79EFBC}") = "GUI", "qltdl\GUI.csproj", "{4B24FAA8-4ACB-4653-A36E-EB6C067B6474}"
EndProject
Project("{2150E333-8FDC-42A3-9474-1A3956D46DE8}") = "winform", "winform", "{0AB255EB-8C35-4065-84C9-81EDEA5088BB}"
EndProject
Project("{2150E333-8FDC-42A3-9474-1A3956D46DE8}") = "web", "web", "{D755979E-BF84-4410-8098-66D104127B1E}"
EndProject
Project("{2150E333-8FDC-42A3-9474-1A3956D46DE8}") = "Core", "Core", "{EB61442A-88F9-4BEF-B6F7-A0738F5C7886}"
EndProject
Project("{FAE04EC0-301F-11D3-BF4B-00C04F79EFBC}") = "DAO", "DAO\DAO.csproj", "{2D0BEEFE-41DA-4A7B-90E4-8422A1B3DCC9}"
EndProject
Project("{FAE04EC0-301F-11D3-BF4B-00C04F79EFBC}") = "DTO", "DTO\DTO.csproj", "{4AF9A138-D8AE-4FE2-B007-14EA3F76F62F}"
EndProject
Project("{FAE04EC0-301F-11D3-BF4B-00C04F79EFBC}") = "BUS", "BUS\BUS.csproj", "{8F968C41-CFDF-4F83-8182-E83EA1864B41}"
EndProject
Project("{FAE04EC0-301F-11D3-BF4B-00C04F79EFBC}") = "qltdl_web", "qltdl_web\qltdl_web.csproj", "{CF2C29DE-0E68-4EDE-A14B-CEC53E13E236}"
EndProject
Global
	GlobalSection(SolutionConfigurationPlatforms) = preSolution
		Debug|Any CPU = Debug|Any CPU
		Release|Any CPU = Release|Any CPU
	EndGlobalSection
	GlobalSection(ProjectConfigurationPlatforms) = postSolution
		{4B24FAA8-4ACB-4653-A36E-EB6C067B6474}.Debug|Any CPU.ActiveCfg = Debug|Any CPU
		{4B24FAA8-4ACB-4653-A36E-EB6C067B6474}.Debug|Any CPU.Build.0 = Debug|Any CPU
		{4B24FAA8-4ACB-4653-A36E-EB6C067B6474}.Release|Any CPU.ActiveCfg = Release|Any CPU
		{4B24FAA8-4ACB-4653-A36E-EB6C067B6474}.Release|Any CPU.Build.0 = Release|Any CPU
		{2D0BEEFE-41DA-4A7B-90E4-8422A1B3DCC9}.Debug|Any CPU.ActiveCfg = Debug|Any CPU
		{2D0BEEFE-41DA-4A7B-90E4-8422A1B3DCC9}.Debug|Any CPU.Build.0 = Debug|Any CPU
		{2D0BEEFE-41DA-4A7B-90E4-8422A1B3DCC9}.Release|Any CPU.ActiveCfg = Release|Any CPU
		{2D0BEEFE-41DA-4A7B-90E4-8422A1B3DCC9}.Release|Any CPU.Build.0 = Release|Any CPU
		{4AF9A138-D8AE-4FE2-B007-14EA3F76F62F}.Debug|Any CPU.ActiveCfg = Debug|Any CPU
		{4AF9A138-D8AE-4FE2-B007-14EA3F76F62F}.Debug|Any CPU.Build.0 = Debug|Any CPU
		{4AF9A138-D8AE-4FE2-B007-14EA3F76F62F}.Release|Any CPU.ActiveCfg = Release|Any CPU
		{4AF9A138-D8AE-4FE2-B007-14EA3F76F62F}.Release|Any CPU.Build.0 = Release|Any CPU
		{8F968C41-CFDF-4F83-8182-E83EA1864B41}.Debug|Any CPU.ActiveCfg = Debug|Any CPU
		{8F968C41-CFDF-4F83-8182-E83EA1864B41}.Debug|Any CPU.Build.0 = Debug|Any CPU
		{8F968C41-CFDF-4F83-8182-E83EA1864B41}.Release|Any CPU.ActiveCfg = Release|Any CPU
		{8F968C41-CFDF-4F83-8182-E83EA1864B41}.Release|Any CPU.Build.0 = Release|Any CPU
		{CF2C29DE-0E68-4EDE-A14B-CEC53E13E236}.Debug|Any CPU.ActiveCfg = Debug|Any CPU
		{CF2C29DE-0E68-4EDE-A14B-CEC53E13E236}.Debug|Any CPU.Build.0 = Debug|Any CPU
		{CF2C29DE-0E68-4EDE-A14B-CEC53E13E236}.Release|Any CPU.ActiveCfg = Release|Any CPU
		{CF2C29DE-0E68-4EDE-A14B-CEC53E13E236}.Release|Any CPU.Build.0 = Release|Any CPU
	EndGlobalSection
	GlobalSection(SolutionProperties) = preSolution
		HideSolutionNode = FALSE
	EndGlobalSection
	GlobalSection(NestedProjects) = preSolution
		{4B24FAA8-4ACB-4653-A36E-EB6C067B6474} = {0AB255EB-8C35-4065-84C9-81EDEA5088BB}
		{2D0BEEFE-41DA-4A7B-90E4-8422A1B3DCC9} = {EB61442A-88F9-4BEF-B6F7-A0738F5C7886}
		{4AF9A138-D8AE-4FE2-B007-14EA3F76F62F} = {EB61442A-88F9-4BEF-B6F7-A0738F5C7886}
		{8F968C41-CFDF-4F83-8182-E83EA1864B41} = {EB61442A-88F9-4BEF-B6F7-A0738F5C7886}
		{CF2C29DE-0E68-4EDE-A14B-CEC53E13E236} = {D755979E-BF84-4410-8098-66D104127B1E}
	EndGlobalSection
	GlobalSection(ExtensibilityGlobals) = postSolution
		SolutionGuid = {D57DF457-6CD2-430E-BF5B-3C516D5164DA}
	EndGlobalSection
EndGlobal
